// !$*UTF8*$!
{
	archiveVersion = 1;
	classes = {
	};
	objectVersion = 46;
	objects = {

/* Begin PBXBuildFile section */
		26172A561A7D1D39006BA402 /* main.m in Sources */ = {isa = PBXBuildFile; fileRef = 26172A551A7D1D39006BA402 /* main.m */; };
		26172A591A7D1D39006BA402 /* AppDelegate.m in Sources */ = {isa = PBXBuildFile; fileRef = 26172A581A7D1D39006BA402 /* AppDelegate.m */; };
		26172A841A7D1DD7006BA402 /* DBChat.m in Sources */ = {isa = PBXBuildFile; fileRef = 26172A831A7D1DD7006BA402 /* DBChat.m */; };
		26172A871A7D1DE3006BA402 /* DBUser.m in Sources */ = {isa = PBXBuildFile; fileRef = 26172A861A7D1DE3006BA402 /* DBUser.m */; };
		26172A8A1A7D2011006BA402 /* DBChatsController.m in Sources */ = {isa = PBXBuildFile; fileRef = 26172A891A7D2011006BA402 /* DBChatsController.m */; };
		26172A8D1A7D203B006BA402 /* DBChatCell.m in Sources */ = {isa = PBXBuildFile; fileRef = 26172A8C1A7D203B006BA402 /* DBChatCell.m */; };
		26172A901A7D20DF006BA402 /* DBChatManager.m in Sources */ = {isa = PBXBuildFile; fileRef = 26172A8F1A7D20DF006BA402 /* DBChatManager.m */; };
		26172AA21A7D2F22006BA402 /* UIColor+HEX.m in Sources */ = {isa = PBXBuildFile; fileRef = 26172AA11A7D2F22006BA402 /* UIColor+HEX.m */; };
		26172AA61A7D3068006BA402 /* UIImage+Default.m in Sources */ = {isa = PBXBuildFile; fileRef = 26172AA51A7D3068006BA402 /* UIImage+Default.m */; };
		268B3B251A84E9E40072596E /* DBAvatarView.m in Sources */ = {isa = PBXBuildFile; fileRef = 268B3B001A84E9E40072596E /* DBAvatarView.m */; };
		268B3B261A84E9E40072596E /* DBChatAvatarView.m in Sources */ = {isa = PBXBuildFile; fileRef = 268B3B021A84E9E40072596E /* DBChatAvatarView.m */; };
		268B3B2F1A84E9E40072596E /* LaunchScreen.xib in Resources */ = {isa = PBXBuildFile; fileRef = 268B3B161A84E9E40072596E /* LaunchScreen.xib */; };
		268B3B301A84E9E40072596E /* Main.storyboard in Resources */ = {isa = PBXBuildFile; fileRef = 268B3B181A84E9E40072596E /* Main.storyboard */; };
		268B3B311A84E9E40072596E /* DBAvatars.xcassets in Resources */ = {isa = PBXBuildFile; fileRef = 268B3B1A1A84E9E40072596E /* DBAvatars.xcassets */; };
		268B3B321A84E9E40072596E /* Images.xcassets in Resources */ = {isa = PBXBuildFile; fileRef = 268B3B1B1A84E9E40072596E /* Images.xcassets */; };
		268B3B351A84EFF20072596E /* DBStatusView.m in Sources */ = {isa = PBXBuildFile; fileRef = 268B3B341A84EFF20072596E /* DBStatusView.m */; };
/* End PBXBuildFile section */

/* Begin PBXFileReference section */
		26172A501A7D1D39006BA402 /* DBChatAvatarSample.app */ = {isa = PBXFileReference; explicitFileType = wrapper.application; includeInIndex = 0; path = DBChatAvatarSample.app; sourceTree = BUILT_PRODUCTS_DIR; };
		26172A541A7D1D39006BA402 /* Info.plist */ = {isa = PBXFileReference; lastKnownFileType = text.plist.xml; path = Info.plist; sourceTree = "<group>"; };
		26172A551A7D1D39006BA402 /* main.m */ = {isa = PBXFileReference; lastKnownFileType = sourcecode.c.objc; path = main.m; sourceTree = "<group>"; };
		26172A571A7D1D39006BA402 /* AppDelegate.h */ = {isa = PBXFileReference; lastKnownFileType = sourcecode.c.h; path = AppDelegate.h; sourceTree = "<group>"; };
		26172A581A7D1D39006BA402 /* AppDelegate.m */ = {isa = PBXFileReference; lastKnownFileType = sourcecode.c.objc; path = AppDelegate.m; sourceTree = "<group>"; };
		26172A821A7D1DD7006BA402 /* DBChat.h */ = {isa = PBXFileReference; fileEncoding = 4; lastKnownFileType = sourcecode.c.h; path = DBChat.h; sourceTree = "<group>"; };
		26172A831A7D1DD7006BA402 /* DBChat.m */ = {isa = PBXFileReference; fileEncoding = 4; lastKnownFileType = sourcecode.c.objc; path = DBChat.m; sourceTree = "<group>"; };
		26172A851A7D1DE3006BA402 /* DBUser.h */ = {isa = PBXFileReference; fileEncoding = 4; lastKnownFileType = sourcecode.c.h; path = DBUser.h; sourceTree = "<group>"; };
		26172A861A7D1DE3006BA402 /* DBUser.m */ = {isa = PBXFileReference; fileEncoding = 4; lastKnownFileType = sourcecode.c.objc; path = DBUser.m; sourceTree = "<group>"; };
		26172A881A7D2011006BA402 /* DBChatsController.h */ = {isa = PBXFileReference; fileEncoding = 4; lastKnownFileType = sourcecode.c.h; path = DBChatsController.h; sourceTree = "<group>"; };
		26172A891A7D2011006BA402 /* DBChatsController.m */ = {isa = PBXFileReference; fileEncoding = 4; lastKnownFileType = sourcecode.c.objc; path = DBChatsController.m; sourceTree = "<group>"; };
		26172A8B1A7D203B006BA402 /* DBChatCell.h */ = {isa = PBXFileReference; fileEncoding = 4; lastKnownFileType = sourcecode.c.h; path = DBChatCell.h; sourceTree = "<group>"; };
		26172A8C1A7D203B006BA402 /* DBChatCell.m */ = {isa = PBXFileReference; fileEncoding = 4; lastKnownFileType = sourcecode.c.objc; path = DBChatCell.m; sourceTree = "<group>"; };
		26172A8E1A7D20DF006BA402 /* DBChatManager.h */ = {isa = PBXFileReference; fileEncoding = 4; lastKnownFileType = sourcecode.c.h; path = DBChatManager.h; sourceTree = "<group>"; };
		26172A8F1A7D20DF006BA402 /* DBChatManager.m */ = {isa = PBXFileReference; fileEncoding = 4; lastKnownFileType = sourcecode.c.objc; path = DBChatManager.m; sourceTree = "<group>"; };
		26172AA01A7D2F22006BA402 /* UIColor+HEX.h */ = {isa = PBXFileReference; fileEncoding = 4; lastKnownFileType = sourcecode.c.h; path = "UIColor+HEX.h"; sourceTree = "<group>"; };
		26172AA11A7D2F22006BA402 /* UIColor+HEX.m */ = {isa = PBXFileReference; fileEncoding = 4; lastKnownFileType = sourcecode.c.objc; path = "UIColor+HEX.m"; sourceTree = "<group>"; };
		26172AA41A7D3068006BA402 /* UIImage+Default.h */ = {isa = PBXFileReference; fileEncoding = 4; lastKnownFileType = sourcecode.c.h; path = "UIImage+Default.h"; sourceTree = "<group>"; };
		26172AA51A7D3068006BA402 /* UIImage+Default.m */ = {isa = PBXFileReference; fileEncoding = 4; lastKnownFileType = sourcecode.c.objc; path = "UIImage+Default.m"; sourceTree = "<group>"; };
		268B3AFF1A84E9E40072596E /* DBAvatarView.h */ = {isa = PBXFileReference; fileEncoding = 4; lastKnownFileType = sourcecode.c.h; path = DBAvatarView.h; sourceTree = "<group>"; };
		268B3B001A84E9E40072596E /* DBAvatarView.m */ = {isa = PBXFileReference; fileEncoding = 4; lastKnownFileType = sourcecode.c.objc; path = DBAvatarView.m; sourceTree = "<group>"; };
		268B3B011A84E9E40072596E /* DBChatAvatarView.h */ = {isa = PBXFileReference; fileEncoding = 4; lastKnownFileType = sourcecode.c.h; path = DBChatAvatarView.h; sourceTree = "<group>"; };
		268B3B021A84E9E40072596E /* DBChatAvatarView.m */ = {isa = PBXFileReference; fileEncoding = 4; lastKnownFileType = sourcecode.c.objc; path = DBChatAvatarView.m; sourceTree = "<group>"; };
		268B3B171A84E9E40072596E /* Base */ = {isa = PBXFileReference; lastKnownFileType = file.xib; name = Base; path = Base.lproj/LaunchScreen.xib; sourceTree = "<group>"; };
		268B3B191A84E9E40072596E /* Base */ = {isa = PBXFileReference; lastKnownFileType = file.storyboard; name = Base; path = Base.lproj/Main.storyboard; sourceTree = "<group>"; };
		268B3B1A1A84E9E40072596E /* DBAvatars.xcassets */ = {isa = PBXFileReference; lastKnownFileType = folder.assetcatalog; path = DBAvatars.xcassets; sourceTree = "<group>"; };
		268B3B1B1A84E9E40072596E /* Images.xcassets */ = {isa = PBXFileReference; lastKnownFileType = folder.assetcatalog; path = Images.xcassets; sourceTree = "<group>"; };
		268B3B331A84EFF20072596E /* DBStatusView.h */ = {isa = PBXFileReference; fileEncoding = 4; lastKnownFileType = sourcecode.c.h; path = DBStatusView.h; sourceTree = "<group>"; };
		268B3B341A84EFF20072596E /* DBStatusView.m */ = {isa = PBXFileReference; fileEncoding = 4; lastKnownFileType = sourcecode.c.objc; path = DBStatusView.m; sourceTree = "<group>"; };
/* End PBXFileReference section */

/* Begin PBXFrameworksBuildPhase section */
		26172A4D1A7D1D39006BA402 /* Frameworks */ = {
			isa = PBXFrameworksBuildPhase;
			buildActionMask = 2147483647;
			files = (
			);
			runOnlyForDeploymentPostprocessing = 0;
		};
/* End PBXFrameworksBuildPhase section */

/* Begin PBXGroup section */
		26172A471A7D1D39006BA402 = {
			isa = PBXGroup;
			children = (
				26172A521A7D1D39006BA402 /* DBChatAvatarSample */,
				268B3B151A84E9E40072596E /* Resources */,
				26172A511A7D1D39006BA402 /* Products */,
			);
			sourceTree = "<group>";
		};
		26172A511A7D1D39006BA402 /* Products */ = {
			isa = PBXGroup;
			children = (
				26172A501A7D1D39006BA402 /* DBChatAvatarSample.app */,
			);
			name = Products;
			sourceTree = "<group>";
		};
		26172A521A7D1D39006BA402 /* DBChatAvatarSample */ = {
			isa = PBXGroup;
			children = (
				26172A571A7D1D39006BA402 /* AppDelegate.h */,
				26172A581A7D1D39006BA402 /* AppDelegate.m */,
				26172A7A1A7D1D8E006BA402 /* Classes */,
				268B3AE91A84E9E40072596E /* External */,
				26172A531A7D1D39006BA402 /* Supporting Files */,
			);
			path = DBChatAvatarSample;
			sourceTree = "<group>";
		};
		26172A531A7D1D39006BA402 /* Supporting Files */ = {
			isa = PBXGroup;
			children = (
				26172A541A7D1D39006BA402 /* Info.plist */,
				26172A551A7D1D39006BA402 /* main.m */,
			);
			name = "Supporting Files";
			sourceTree = "<group>";
		};
		26172A7A1A7D1D8E006BA402 /* Classes */ = {
			isa = PBXGroup;
			children = (
				26172A7B1A7D1D8E006BA402 /* Controllers */,
				26172A7E1A7D1D8E006BA402 /* Model */,
				26172A7F1A7D1D8E006BA402 /* Views */,
				26172A9E1A7D2F22006BA402 /* Helpers */,
			);
			path = Classes;
			sourceTree = "<group>";
		};
		26172A7B1A7D1D8E006BA402 /* Controllers */ = {
			isa = PBXGroup;
			children = (
				26172A881A7D2011006BA402 /* DBChatsController.h */,
				26172A891A7D2011006BA402 /* DBChatsController.m */,
			);
			path = Controllers;
			sourceTree = "<group>";
		};
		26172A7E1A7D1D8E006BA402 /* Model */ = {
			isa = PBXGroup;
			children = (
				26172A821A7D1DD7006BA402 /* DBChat.h */,
				26172A831A7D1DD7006BA402 /* DBChat.m */,
				26172A851A7D1DE3006BA402 /* DBUser.h */,
				26172A861A7D1DE3006BA402 /* DBUser.m */,
				26172A8E1A7D20DF006BA402 /* DBChatManager.h */,
				26172A8F1A7D20DF006BA402 /* DBChatManager.m */,
			);
			path = Model;
			sourceTree = "<group>";
		};
		26172A7F1A7D1D8E006BA402 /* Views */ = {
			isa = PBXGroup;
			children = (
				26172A8B1A7D203B006BA402 /* DBChatCell.h */,
				26172A8C1A7D203B006BA402 /* DBChatCell.m */,
			);
			path = Views;
			sourceTree = "<group>";
		};
		26172A9E1A7D2F22006BA402 /* Helpers */ = {
			isa = PBXGroup;
			children = (
				26172AA31A7D304C006BA402 /* UIImage+ */,
				26172A9F1A7D2F22006BA402 /* UIColor+ */,
			);
			path = Helpers;
			sourceTree = "<group>";
		};
		26172A9F1A7D2F22006BA402 /* UIColor+ */ = {
			isa = PBXGroup;
			children = (
				26172AA01A7D2F22006BA402 /* UIColor+HEX.h */,
				26172AA11A7D2F22006BA402 /* UIColor+HEX.m */,
			);
			path = "UIColor+";
			sourceTree = "<group>";
		};
		26172AA31A7D304C006BA402 /* UIImage+ */ = {
			isa = PBXGroup;
			children = (
				26172AA41A7D3068006BA402 /* UIImage+Default.h */,
				26172AA51A7D3068006BA402 /* UIImage+Default.m */,
			);
			path = "UIImage+";
			sourceTree = "<group>";
		};
		268B3AE91A84E9E40072596E /* External */ = {
			isa = PBXGroup;
			children = (
				268B3AFE1A84E9E40072596E /* DBChatAvatarView */,
			);
			path = External;
			sourceTree = "<group>";
		};
		268B3AFE1A84E9E40072596E /* DBChatAvatarView */ = {
			isa = PBXGroup;
			children = (
				268B3B011A84E9E40072596E /* DBChatAvatarView.h */,
				268B3B021A84E9E40072596E /* DBChatAvatarView.m */,
				268B3AFF1A84E9E40072596E /* DBAvatarView.h */,
				268B3B001A84E9E40072596E /* DBAvatarView.m */,
				268B3B331A84EFF20072596E /* DBStatusView.h */,
				268B3B341A84EFF20072596E /* DBStatusView.m */,
			);
			path = DBChatAvatarView;
			sourceTree = "<group>";
		};
		268B3B151A84E9E40072596E /* Resources */ = {
			isa = PBXGroup;
			children = (
				268B3B161A84E9E40072596E /* LaunchScreen.xib */,
				268B3B181A84E9E40072596E /* Main.storyboard */,
				268B3B1A1A84E9E40072596E /* DBAvatars.xcassets */,
				268B3B1B1A84E9E40072596E /* Images.xcassets */,
			);
			name = Resources;
			path = DBChatAvatarSample/Resources;
			sourceTree = "<group>";
		};
/* End PBXGroup section */

/* Begin PBXNativeTarget section */
		26172A4F1A7D1D39006BA402 /* DBChatAvatarSample */ = {
			isa = PBXNativeTarget;
			buildConfigurationList = 26172A731A7D1D3A006BA402 /* Build configuration list for PBXNativeTarget "DBChatAvatarSample" */;
			buildPhases = (
				26172A4C1A7D1D39006BA402 /* Sources */,
				26172A4D1A7D1D39006BA402 /* Frameworks */,
				26172A4E1A7D1D39006BA402 /* Resources */,
			);
			buildRules = (
			);
			dependencies = (
			);
			name = DBChatAvatarSample;
			productName = DBChatAvatarSample;
			productReference = 26172A501A7D1D39006BA402 /* DBChatAvatarSample.app */;
			productType = "com.apple.product-type.application";
		};
/* End PBXNativeTarget section */

/* Begin PBXProject section */
		26172A481A7D1D39006BA402 /* Project object */ = {
			isa = PBXProject;
			attributes = {
				LastUpgradeCheck = 0610;
				ORGANIZATIONNAME = "Diana Belogrivaya";
				TargetAttributes = {
					26172A4F1A7D1D39006BA402 = {
						CreatedOnToolsVersion = 6.1.1;
						DevelopmentTeam = V226GZF7LD;
					};
				};
			};
			buildConfigurationList = 26172A4B1A7D1D39006BA402 /* Build configuration list for PBXProject "DBChatAvatarSample" */;
			compatibilityVersion = "Xcode 3.2";
			developmentRegion = English;
			hasScannedForEncodings = 0;
			knownRegions = (
				en,
				Base,
			);
			mainGroup = 26172A471A7D1D39006BA402;
			productRefGroup = 26172A511A7D1D39006BA402 /* Products */;
			projectDirPath = "";
			projectRoot = "";
			targets = (
				26172A4F1A7D1D39006BA402 /* DBChatAvatarSample */,
			);
		};
/* End PBXProject section */

/* Begin PBXResourcesBuildPhase section */
		26172A4E1A7D1D39006BA402 /* Resources */ = {
			isa = PBXResourcesBuildPhase;
			buildActionMask = 2147483647;
			files = (
				268B3B2F1A84E9E40072596E /* LaunchScreen.xib in Resources */,
				268B3B321A84E9E40072596E /* Images.xcassets in Resources */,
				268B3B301A84E9E40072596E /* Main.storyboard in Resources */,
				268B3B311A84E9E40072596E /* DBAvatars.xcassets in Resources */,
			);
			runOnlyForDeploymentPostprocessing = 0;
		};
/* End PBXResourcesBuildPhase section */

/* Begin PBXSourcesBuildPhase section */
		26172A4C1A7D1D39006BA402 /* Sources */ = {
			isa = PBXSourcesBuildPhase;
			buildActionMask = 2147483647;
			files = (
				26172A8A1A7D2011006BA402 /* DBChatsController.m in Sources */,
				268B3B351A84EFF20072596E /* DBStatusView.m in Sources */,
				26172A8D1A7D203B006BA402 /* DBChatCell.m in Sources */,
				26172AA61A7D3068006BA402 /* UIImage+Default.m in Sources */,
				268B3B261A84E9E40072596E /* DBChatAvatarView.m in Sources */,
				26172A841A7D1DD7006BA402 /* DBChat.m in Sources */,
				268B3B251A84E9E40072596E /* DBAvatarView.m in Sources */,
				26172A591A7D1D39006BA402 /* AppDelegate.m in Sources */,
				26172A561A7D1D39006BA402 /* main.m in Sources */,
				26172A871A7D1DE3006BA402 /* DBUser.m in Sources */,
				26172A901A7D20DF006BA402 /* DBChatManager.m in Sources */,
				26172AA21A7D2F22006BA402 /* UIColor+HEX.m in Sources */,
			);
			runOnlyForDeploymentPostprocessing = 0;
		};
/* End PBXSourcesBuildPhase section */

/* Begin PBXVariantGroup section */
		268B3B161A84E9E40072596E /* LaunchScreen.xib */ = {
			isa = PBXVariantGroup;
			children = (
				268B3B171A84E9E40072596E /* Base */,
			);
			name = LaunchScreen.xib;
			sourceTree = "<group>";
		};
		268B3B181A84E9E40072596E /* Main.storyboard */ = {
			isa = PBXVariantGroup;
			children = (
				268B3B191A84E9E40072596E /* Base */,
			);
			name = Main.storyboard;
			sourceTree = "<group>";
		};
/* End PBXVariantGroup section */

/* Begin XCBuildConfiguration section */
		26172A711A7D1D3A006BA402 /* Debug */ = {
			isa = XCBuildConfiguration;
			buildSettings = {
				ALWAYS_SEARCH_USER_PATHS = NO;
				CLANG_CXX_LANGUAGE_STANDARD = "gnu++0x";
				CLANG_CXX_LIBRARY = "libc++";
				CLANG_ENABLE_MODULES = YES;
				CLANG_ENABLE_OBJC_ARC = YES;
				CLANG_WARN_BOOL_CONVERSION = YES;
				CLANG_WARN_CONSTANT_CONVERSION = YES;
				CLANG_WARN_DIRECT_OBJC_ISA_USAGE = YES_ERROR;
				CLANG_WARN_EMPTY_BODY = YES;
				CLANG_WARN_ENUM_CONVERSION = YES;
				CLANG_WARN_INT_CONVERSION = YES;
				CLANG_WARN_OBJC_ROOT_CLASS = YES_ERROR;
				CLANG_WARN_UNREACHABLE_CODE = YES;
				CLANG_WARN__DUPLICATE_METHOD_MATCH = YES;
				"CODE_SIGN_IDENTITY[sdk=iphoneos*]" = "iPhone Developer";
				COPY_PHASE_STRIP = NO;
				ENABLE_STRICT_OBJC_MSGSEND = YES;
				GCC_C_LANGUAGE_STANDARD = gnu99;
				GCC_DYNAMIC_NO_PIC = NO;
				GCC_OPTIMIZATION_LEVEL = 0;
				GCC_PREPROCESSOR_DEFINITIONS = (
					"DEBUG=1",
					"$(inherited)",
				);
				GCC_SYMBOLS_PRIVATE_EXTERN = NO;
				GCC_WARN_64_TO_32_BIT_CONVERSION = YES;
				GCC_WARN_ABOUT_RETURN_TYPE = YES_ERROR;
				GCC_WARN_UNDECLARED_SELECTOR = YES;
				GCC_WARN_UNINITIALIZED_AUTOS = YES_AGGRESSIVE;
				GCC_WARN_UNUSED_FUNCTION = YES;
				GCC_WARN_UNUSED_VARIABLE = YES;
				IPHONEOS_DEPLOYMENT_TARGET = 7.1;
				MTL_ENABLE_DEBUG_INFO = YES;
				ONLY_ACTIVE_ARCH = YES;
				SDKROOT = iphoneos;
			};
			name = Debug;
		};
		26172A721A7D1D3A006BA402 /* Release */ = {
			isa = XCBuildConfiguration;
			buildSettings = {
				ALWAYS_SEARCH_USER_PATHS = NO;
				CLANG_CXX_LANGUAGE_STANDARD = "gnu++0x";
				CLANG_CXX_LIBRARY = "libc++";
				CLANG_ENABLE_MODULES = YES;
				CLANG_ENABLE_OBJC_ARC = YES;
				CLANG_WARN_BOOL_CONVERSION = YES;
				CLANG_WARN_CONSTANT_CONVERSION = YES;
				CLANG_WARN_DIRECT_OBJC_ISA_USAGE = YES_ERROR;
				CLANG_WARN_EMPTY_BODY = YES;
				CLANG_WARN_ENUM_CONVERSION = YES;
				CLANG_WARN_INT_CONVERSION = YES;
				CLANG_WARN_OBJC_ROOT_CLASS = YES_ERROR;
				CLANG_WARN_UNREACHABLE_CODE = YES;
				CLANG_WARN__DUPLICATE_METHOD_MATCH = YES;
				"CODE_SIGN_IDENTITY[sdk=iphoneos*]" = "iPhone Developer";
				COPY_PHASE_STRIP = YES;
				ENABLE_NS_ASSERTIONS = NO;
				ENABLE_STRICT_OBJC_MSGSEND = YES;
				GCC_C_LANGUAGE_STANDARD = gnu99;
				GCC_WARN_64_TO_32_BIT_CONVERSION = YES;
				GCC_WARN_ABOUT_RETURN_TYPE = YES_ERROR;
				GCC_WARN_UNDECLARED_SELECTOR = YES;
				GCC_WARN_UNINITIALIZED_AUTOS = YES_AGGRESSIVE;
				GCC_WARN_UNUSED_FUNCTION = YES;
				GCC_WARN_UNUSED_VARIABLE = YES;
				IPHONEOS_DEPLOYMENT_TARGET = 7.1;
				MTL_ENABLE_DEBUG_INFO = NO;
				SDKROOT = iphoneos;
				VALIDATE_PRODUCT = YES;
			};
			name = Release;
		};
		26172A741A7D1D3A006BA402 /* Debug */ = {
			isa = XCBuildConfiguration;
			buildSettings = {
				ASSETCATALOG_COMPILER_APPICON_NAME = AppIcon;
				ASSETCATALOG_COMPILER_LAUNCHIMAGE_NAME = LaunchImage;
				CODE_SIGN_IDENTITY = "iPhone Developer";
				INFOPLIST_FILE = DBChatAvatarSample/Info.plist;
				LD_RUNPATH_SEARCH_PATHS = "$(inherited) @executable_path/Frameworks";
				PRODUCT_NAME = "$(TARGET_NAME)";
				TARGETED_DEVICE_FAMILY = "1,2";
			};
			name = Debug;
		};
		26172A751A7D1D3A006BA402 /* Release */ = {
			isa = XCBuildConfiguration;
			buildSettings = {
				ASSETCATALOG_COMPILER_APPICON_NAME = AppIcon;
				ASSETCATALOG_COMPILER_LAUNCHIMAGE_NAME = LaunchImage;
				CODE_SIGN_IDENTITY = "iPhone Developer";
				INFOPLIST_FILE = DBChatAvatarSample/Info.plist;
				LD_RUNPATH_SEARCH_PATHS = "$(inherited) @executable_path/Frameworks";
				PRODUCT_NAME = "$(TARGET_NAME)";
				TARGETED_DEVICE_FAMILY = "1,2";
			};
			name = Release;
		};
/* End XCBuildConfiguration section */

/* Begin XCConfigurationList section */
		26172A4B1A7D1D39006BA402 /* Build configuration list for PBXProject "DBChatAvatarSample" */ = {
			isa = XCConfigurationList;
			buildConfigurations = (
				26172A711A7D1D3A006BA402 /* Debug */,
				26172A721A7D1D3A006BA402 /* Release */,
			);
			defaultConfigurationIsVisible = 0;
			defaultConfigurationName = Release;
		};
		26172A731A7D1D3A006BA402 /* Build configuration list for PBXNativeTarget "DBChatAvatarSample" */ = {
			isa = XCConfigurationList;
			buildConfigurations = (
				26172A741A7D1D3A006BA402 /* Debug */,
				26172A751A7D1D3A006BA402 /* Release */,
			);
			defaultConfigurationIsVisible = 0;
			defaultConfigurationName = Release;
		};
/* End XCConfigurationList section */
	};
	rootObject = 26172A481A7D1D39006BA402 /* Project object */;
}
