PODS:
  - DBChatAvatarView (1.1):
    - UIColor+Hex
  - UIColor+Hex (1.0.1):
    - UIColor+Hex/NSColor (= 1.0.1)
    - UIColor+Hex/UIColor (= 1.0.1)
  - UIColor+Hex/UIColor (1.0.1)

DEPENDENCIES:
  - DBChatAvatarView (from `git@github.com:dibelogrivaya/DBChatAvatarSample.git`)

EXTERNAL SOURCES:
  DBChatAvatarView:
    :git: git@github.com:dibelogrivaya/DBChatAvatarSample.git

CHECKOUT OPTIONS:
  DBChatAvatarView:
    :commit: 27e776b0ef7a78d2a7e3e6d854ded0383a13a1e8
    :git: git@github.com:dibelogrivaya/DBChatAvatarSample.git

SPEC CHECKSUMS:
  DBChatAvatarView: 9d67e79c4a76f2ebfdf685f936e3e4f5eba24870
  UIColor+Hex: 9fee91bb8e19f17dd40a79ae1e98949a6a84489d

PODFILE CHECKSUM: 80499ee8c68744cd2cc7e318c3b3b5f0ed6a7326

COCOAPODS: 1.3.1
